
Microsoft Visual Studio Solution File, Format Version 12.00
# Visual Studio Version 17
VisualStudioVersion = 17.8.34309.116
MinimumVisualStudioVersion = 10.0.40219.1
Project("{FAE04EC0-301F-11D3-BF4B-00C04F79EFBC}") = "FlashHash", "FlashHash\FlashHash.csproj", "{11C4F63A-1F7A-41DC-9F93-FDC3FF942923}"
EndProject
Global
	GlobalSection(SolutionConfigurationPlatforms) = preSolution
		Debug|Any CPU = Debug|Any CPU
		Release|Any CPU = Release|Any CPU
	EndGlobalSection
	GlobalSection(ProjectConfigurationPlatforms) = postSolution
		{11C4F63A-1F7A-41DC-9F93-FDC3FF942923}.Debug|Any CPU.ActiveCfg = Debug|Any CPU
		{11C4F63A-1F7A-41DC-9F93-FDC3FF942923}.Debug|Any CPU.Build.0 = Debug|Any CPU
		{11C4F63A-1F7A-41DC-9F93-FDC3FF942923}.Release|Any CPU.ActiveCfg = Release|Any CPU
		{11C4F63A-1F7A-41DC-9F93-FDC3FF942923}.Release|Any CPU.Build.0 = Release|Any CPU
	EndGlobalSection
	GlobalSection(SolutionProperties) = preSolution
		HideSolutionNode = FALSE
	EndGlobalSection
	GlobalSection(ExtensibilityGlobals) = postSolution
		SolutionGuid = {6C1046CC-A890-40DA-849F-477F896E0A4D}
	EndGlobalSection
EndGlobal
